
Microsoft Visual Studio Solution File, Format Version 12.00
# Visual Studio Version 17
VisualStudioVersion = 17.11.35327.3
MinimumVisualStudioVersion = 10.0.40219.1
Project("{FAE04EC0-301F-11D3-BF4B-00C04F79EFBC}") = "squarethingy thang", "squarethingy thang\squarethingy thang.csproj", "{77517A8E-72E8-4F62-9ABE-5B4CA5B775CC}"
EndProject
Global
	GlobalSection(SolutionConfigurationPlatforms) = preSolution
		Debug|Any CPU = Debug|Any CPU
		Release|Any CPU = Release|Any CPU
	EndGlobalSection
	GlobalSection(ProjectConfigurationPlatforms) = postSolution
		{77517A8E-72E8-4F62-9ABE-5B4CA5B775CC}.Debug|Any CPU.ActiveCfg = Debug|Any CPU
		{77517A8E-72E8-4F62-9ABE-5B4CA5B775CC}.Debug|Any CPU.Build.0 = Debug|Any CPU
		{77517A8E-72E8-4F62-9ABE-5B4CA5B775CC}.Release|Any CPU.ActiveCfg = Release|Any CPU
		{77517A8E-72E8-4F62-9ABE-5B4CA5B775CC}.Release|Any CPU.Build.0 = Release|Any CPU
	EndGlobalSection
	GlobalSection(SolutionProperties) = preSolution
		HideSolutionNode = FALSE
	EndGlobalSection
	GlobalSection(ExtensibilityGlobals) = postSolution
		SolutionGuid = {97F1025A-CD87-4843-9394-D1151745066F}
	EndGlobalSection
EndGlobal
